{
  "requires": true,
  "lockfileVersion": 1,
  "dependencies": {
    "color-themes-for-google-code-prettify": {
      "version": "2.0.4",
      "resolved": "https://registry.npmjs.org/color-themes-for-google-code-prettify/-/color-themes-for-google-code-prettify-2.0.4.tgz",
      "integrity": "sha1-3urPZX/WhXaGR1TU5IbXjf2x54Q="
    }
  }
}
